// !$*UTF8*$!
{
	archiveVersion = 1;
	classes = {
	};
	objectVersion = 50;
	objects = {

/* Begin PBXBuildFile section */
		91DB735820A46B180072956D /* AppDelegate.swift in Sources */ = {isa = PBXBuildFile; fileRef = 91DB735720A46B180072956D /* AppDelegate.swift */; };
		91DB735A20A46B180072956D /* ViewController.swift in Sources */ = {isa = PBXBuildFile; fileRef = 91DB735920A46B180072956D /* ViewController.swift */; };
		91DB735D20A46B180072956D /* Main.storyboard in Resources */ = {isa = PBXBuildFile; fileRef = 91DB735B20A46B180072956D /* Main.storyboard */; };
		91DB735F20A46B1F0072956D /* Assets.xcassets in Resources */ = {isa = PBXBuildFile; fileRef = 91DB735E20A46B1F0072956D /* Assets.xcassets */; };
		91DB736220A46B1F0072956D /* LaunchScreen.storyboard in Resources */ = {isa = PBXBuildFile; fileRef = 91DB736020A46B1F0072956D /* LaunchScreen.storyboard */; };
		91DB736D20A46B1F0072956D /* ToDoListTests.swift in Sources */ = {isa = PBXBuildFile; fileRef = 91DB736C20A46B1F0072956D /* ToDoListTests.swift */; };
		91DB737820A46B1F0072956D /* ToDoListUITests.swift in Sources */ = {isa = PBXBuildFile; fileRef = 91DB737720A46B1F0072956D /* ToDoListUITests.swift */; };
		91DB738B20A48D140072956D /* AboutUsViewController.swift in Sources */ = {isa = PBXBuildFile; fileRef = 91DB738920A48D140072956D /* AboutUsViewController.swift */; };
		91DB738C20A48D140072956D /* AboutUsViewController.xib in Resources */ = {isa = PBXBuildFile; fileRef = 91DB738A20A48D140072956D /* AboutUsViewController.xib */; };
		91DB738F20A4903D0072956D /* LicenseAgreementLiViewController.swift in Sources */ = {isa = PBXBuildFile; fileRef = 91DB738D20A4903D0072956D /* LicenseAgreementLiViewController.swift */; };
		91DB739020A4903D0072956D /* LicenseAgreementLiViewController.xib in Resources */ = {isa = PBXBuildFile; fileRef = 91DB738E20A4903D0072956D /* LicenseAgreementLiViewController.xib */; };
/* End PBXBuildFile section */

/* Begin PBXContainerItemProxy section */
		91DB736920A46B1F0072956D /* PBXContainerItemProxy */ = {
			isa = PBXContainerItemProxy;
			containerPortal = 91DB734C20A46B180072956D /* Project object */;
			proxyType = 1;
			remoteGlobalIDString = 91DB735320A46B180072956D;
			remoteInfo = ToDoList;
		};
		91DB737420A46B1F0072956D /* PBXContainerItemProxy */ = {
			isa = PBXContainerItemProxy;
			containerPortal = 91DB734C20A46B180072956D /* Project object */;
			proxyType = 1;
			remoteGlobalIDString = 91DB735320A46B180072956D;
			remoteInfo = ToDoList;
		};
/* End PBXContainerItemProxy section */

/* Begin PBXFileReference section */
		91DB735420A46B180072956D /* ToDoList.app */ = {isa = PBXFileReference; explicitFileType = wrapper.application; includeInIndex = 0; path = ToDoList.app; sourceTree = BUILT_PRODUCTS_DIR; };
		91DB735720A46B180072956D /* AppDelegate.swift */ = {isa = PBXFileReference; lastKnownFileType = sourcecode.swift; path = AppDelegate.swift; sourceTree = "<group>"; };
		91DB735920A46B180072956D /* ViewController.swift */ = {isa = PBXFileReference; lastKnownFileType = sourcecode.swift; path = ViewController.swift; sourceTree = "<group>"; };
		91DB735C20A46B180072956D /* Base */ = {isa = PBXFileReference; lastKnownFileType = file.storyboard; name = Base; path = Base.lproj/Main.storyboard; sourceTree = "<group>"; };
		91DB735E20A46B1F0072956D /* Assets.xcassets */ = {isa = PBXFileReference; lastKnownFileType = folder.assetcatalog; path = Assets.xcassets; sourceTree = "<group>"; };
		91DB736120A46B1F0072956D /* Base */ = {isa = PBXFileReference; lastKnownFileType = file.storyboard; name = Base; path = Base.lproj/LaunchScreen.storyboard; sourceTree = "<group>"; };
		91DB736320A46B1F0072956D /* Info.plist */ = {isa = PBXFileReference; lastKnownFileType = text.plist.xml; path = Info.plist; sourceTree = "<group>"; };
		91DB736820A46B1F0072956D /* ToDoListTests.xctest */ = {isa = PBXFileReference; explicitFileType = wrapper.cfbundle; includeInIndex = 0; path = ToDoListTests.xctest; sourceTree = BUILT_PRODUCTS_DIR; };
		91DB736C20A46B1F0072956D /* ToDoListTests.swift */ = {isa = PBXFileReference; lastKnownFileType = sourcecode.swift; path = ToDoListTests.swift; sourceTree = "<group>"; };
		91DB736E20A46B1F0072956D /* Info.plist */ = {isa = PBXFileReference; lastKnownFileType = text.plist.xml; path = Info.plist; sourceTree = "<group>"; };
		91DB737320A46B1F0072956D /* ToDoListUITests.xctest */ = {isa = PBXFileReference; explicitFileType = wrapper.cfbundle; includeInIndex = 0; path = ToDoListUITests.xctest; sourceTree = BUILT_PRODUCTS_DIR; };
		91DB737720A46B1F0072956D /* ToDoListUITests.swift */ = {isa = PBXFileReference; lastKnownFileType = sourcecode.swift; path = ToDoListUITests.swift; sourceTree = "<group>"; };
		91DB737920A46B1F0072956D /* Info.plist */ = {isa = PBXFileReference; lastKnownFileType = text.plist.xml; path = Info.plist; sourceTree = "<group>"; };
		91DB738920A48D140072956D /* AboutUsViewController.swift */ = {isa = PBXFileReference; lastKnownFileType = sourcecode.swift; path = AboutUsViewController.swift; sourceTree = "<group>"; };
		91DB738A20A48D140072956D /* AboutUsViewController.xib */ = {isa = PBXFileReference; lastKnownFileType = file.xib; path = AboutUsViewController.xib; sourceTree = "<group>"; };
		91DB738D20A4903D0072956D /* LicenseAgreementLiViewController.swift */ = {isa = PBXFileReference; lastKnownFileType = sourcecode.swift; path = LicenseAgreementLiViewController.swift; sourceTree = "<group>"; };
		91DB738E20A4903D0072956D /* LicenseAgreementLiViewController.xib */ = {isa = PBXFileReference; lastKnownFileType = file.xib; path = LicenseAgreementLiViewController.xib; sourceTree = "<group>"; };
/* End PBXFileReference section */

/* Begin PBXFrameworksBuildPhase section */
		91DB735120A46B180072956D /* Frameworks */ = {
			isa = PBXFrameworksBuildPhase;
			buildActionMask = 2147483647;
			files = (
			);
			runOnlyForDeploymentPostprocessing = 0;
		};
		91DB736520A46B1F0072956D /* Frameworks */ = {
			isa = PBXFrameworksBuildPhase;
			buildActionMask = 2147483647;
			files = (
			);
			runOnlyForDeploymentPostprocessing = 0;
		};
		91DB737020A46B1F0072956D /* Frameworks */ = {
			isa = PBXFrameworksBuildPhase;
			buildActionMask = 2147483647;
			files = (
			);
			runOnlyForDeploymentPostprocessing = 0;
		};
/* End PBXFrameworksBuildPhase section */

/* Begin PBXGroup section */
		91DB734B20A46B180072956D = {
			isa = PBXGroup;
			children = (
				91DB735620A46B180072956D /* ToDoList */,
				91DB736B20A46B1F0072956D /* ToDoListTests */,
				91DB737620A46B1F0072956D /* ToDoListUITests */,
				91DB735520A46B180072956D /* Products */,
			);
			sourceTree = "<group>";
		};
		91DB735520A46B180072956D /* Products */ = {
			isa = PBXGroup;
			children = (
				91DB735420A46B180072956D /* ToDoList.app */,
				91DB736820A46B1F0072956D /* ToDoListTests.xctest */,
				91DB737320A46B1F0072956D /* ToDoListUITests.xctest */,
			);
			name = Products;
			sourceTree = "<group>";
		};
		91DB735620A46B180072956D /* ToDoList */ = {
			isa = PBXGroup;
			children = (
				91DB735720A46B180072956D /* AppDelegate.swift */,
				91DB735920A46B180072956D /* ViewController.swift */,
				91DB735B20A46B180072956D /* Main.storyboard */,
				91DB738920A48D140072956D /* AboutUsViewController.swift */,
				91DB738A20A48D140072956D /* AboutUsViewController.xib */,
				91DB738D20A4903D0072956D /* LicenseAgreementLiViewController.swift */,
				91DB738E20A4903D0072956D /* LicenseAgreementLiViewController.xib */,
				91DB735E20A46B1F0072956D /* Assets.xcassets */,
				91DB736020A46B1F0072956D /* LaunchScreen.storyboard */,
				91DB736320A46B1F0072956D /* Info.plist */,
			);
			path = ToDoList;
			sourceTree = "<group>";
		};
		91DB736B20A46B1F0072956D /* ToDoListTests */ = {
			isa = PBXGroup;
			children = (
				91DB736C20A46B1F0072956D /* ToDoListTests.swift */,
				91DB736E20A46B1F0072956D /* Info.plist */,
			);
			path = ToDoListTests;
			sourceTree = "<group>";
		};
		91DB737620A46B1F0072956D /* ToDoListUITests */ = {
			isa = PBXGroup;
			children = (
				91DB737720A46B1F0072956D /* ToDoListUITests.swift */,
				91DB737920A46B1F0072956D /* Info.plist */,
			);
			path = ToDoListUITests;
			sourceTree = "<group>";
		};
/* End PBXGroup section */

/* Begin PBXNativeTarget section */
		91DB735320A46B180072956D /* ToDoList */ = {
			isa = PBXNativeTarget;
			buildConfigurationList = 91DB737C20A46B1F0072956D /* Build configuration list for PBXNativeTarget "ToDoList" */;
			buildPhases = (
				91DB735020A46B180072956D /* Sources */,
				91DB735120A46B180072956D /* Frameworks */,
				91DB735220A46B180072956D /* Resources */,
			);
			buildRules = (
			);
			dependencies = (
			);
			name = ToDoList;
			productName = ToDoList;
			productReference = 91DB735420A46B180072956D /* ToDoList.app */;
			productType = "com.apple.product-type.application";
		};
		91DB736720A46B1F0072956D /* ToDoListTests */ = {
			isa = PBXNativeTarget;
			buildConfigurationList = 91DB737F20A46B1F0072956D /* Build configuration list for PBXNativeTarget "ToDoListTests" */;
			buildPhases = (
				91DB736420A46B1F0072956D /* Sources */,
				91DB736520A46B1F0072956D /* Frameworks */,
				91DB736620A46B1F0072956D /* Resources */,
			);
			buildRules = (
			);
			dependencies = (
				91DB736A20A46B1F0072956D /* PBXTargetDependency */,
			);
			name = ToDoListTests;
			productName = ToDoListTests;
			productReference = 91DB736820A46B1F0072956D /* ToDoListTests.xctest */;
			productType = "com.apple.product-type.bundle.unit-test";
		};
		91DB737220A46B1F0072956D /* ToDoListUITests */ = {
			isa = PBXNativeTarget;
			buildConfigurationList = 91DB738220A46B1F0072956D /* Build configuration list for PBXNativeTarget "ToDoListUITests" */;
			buildPhases = (
				91DB736F20A46B1F0072956D /* Sources */,
				91DB737020A46B1F0072956D /* Frameworks */,
				91DB737120A46B1F0072956D /* Resources */,
			);
			buildRules = (
			);
			dependencies = (
				91DB737520A46B1F0072956D /* PBXTargetDependency */,
			);
			name = ToDoListUITests;
			productName = ToDoListUITests;
			productReference = 91DB737320A46B1F0072956D /* ToDoListUITests.xctest */;
			productType = "com.apple.product-type.bundle.ui-testing";
		};
/* End PBXNativeTarget section */

/* Begin PBXProject section */
		91DB734C20A46B180072956D /* Project object */ = {
			isa = PBXProject;
			attributes = {
				LastSwiftUpdateCheck = 0930;
				LastUpgradeCheck = 0930;
				ORGANIZATIONNAME = "Nikolay Sereda";
				TargetAttributes = {
					91DB735320A46B180072956D = {
						CreatedOnToolsVersion = 9.3;
					};
					91DB736720A46B1F0072956D = {
						CreatedOnToolsVersion = 9.3;
						TestTargetID = 91DB735320A46B180072956D;
					};
					91DB737220A46B1F0072956D = {
						CreatedOnToolsVersion = 9.3;
						TestTargetID = 91DB735320A46B180072956D;
					};
				};
			};
			buildConfigurationList = 91DB734F20A46B180072956D /* Build configuration list for PBXProject "ToDoList" */;
			compatibilityVersion = "Xcode 9.3";
			developmentRegion = en;
			hasScannedForEncodings = 0;
			knownRegions = (
				en,
				Base,
			);
			mainGroup = 91DB734B20A46B180072956D;
			productRefGroup = 91DB735520A46B180072956D /* Products */;
			projectDirPath = "";
			projectRoot = "";
			targets = (
				91DB735320A46B180072956D /* ToDoList */,
				91DB736720A46B1F0072956D /* ToDoListTests */,
				91DB737220A46B1F0072956D /* ToDoListUITests */,
			);
		};
/* End PBXProject section */

/* Begin PBXResourcesBuildPhase section */
		91DB735220A46B180072956D /* Resources */ = {
			isa = PBXResourcesBuildPhase;
			buildActionMask = 2147483647;
			files = (
				91DB738C20A48D140072956D /* AboutUsViewController.xib in Resources */,
				91DB739020A4903D0072956D /* LicenseAgreementLiViewController.xib in Resources */,
				91DB736220A46B1F0072956D /* LaunchScreen.storyboard in Resources */,
				91DB735F20A46B1F0072956D /* Assets.xcassets in Resources */,
				91DB735D20A46B180072956D /* Main.storyboard in Resources */,
			);
			runOnlyForDeploymentPostprocessing = 0;
		};
		91DB736620A46B1F0072956D /* Resources */ = {
			isa = PBXResourcesBuildPhase;
			buildActionMask = 2147483647;
			files = (
			);
			runOnlyForDeploymentPostprocessing = 0;
		};
		91DB737120A46B1F0072956D /* Resources */ = {
			isa = PBXResourcesBuildPhase;
			buildActionMask = 2147483647;
			files = (
			);
			runOnlyForDeploymentPostprocessing = 0;
		};
/* End PBXResourcesBuildPhase section */

/* Begin PBXSourcesBuildPhase section */
		91DB735020A46B180072956D /* Sources */ = {
			isa = PBXSourcesBuildPhase;
			buildActionMask = 2147483647;
			files = (
				91DB738F20A4903D0072956D /* LicenseAgreementLiViewController.swift in Sources */,
				91DB735A20A46B180072956D /* ViewController.swift in Sources */,
				91DB738B20A48D140072956D /* AboutUsViewController.swift in Sources */,
				91DB735820A46B180072956D /* AppDelegate.swift in Sources */,
			);
			runOnlyForDeploymentPostprocessing = 0;
		};
		91DB736420A46B1F0072956D /* Sources */ = {
			isa = PBXSourcesBuildPhase;
			buildActionMask = 2147483647;
			files = (
				91DB736D20A46B1F0072956D /* ToDoListTests.swift in Sources */,
			);
			runOnlyForDeploymentPostprocessing = 0;
		};
		91DB736F20A46B1F0072956D /* Sources */ = {
			isa = PBXSourcesBuildPhase;
			buildActionMask = 2147483647;
			files = (
				91DB737820A46B1F0072956D /* ToDoListUITests.swift in Sources */,
			);
			runOnlyForDeploymentPostprocessing = 0;
		};
/* End PBXSourcesBuildPhase section */

/* Begin PBXTargetDependency section */
		91DB736A20A46B1F0072956D /* PBXTargetDependency */ = {
			isa = PBXTargetDependency;
			target = 91DB735320A46B180072956D /* ToDoList */;
			targetProxy = 91DB736920A46B1F0072956D /* PBXContainerItemProxy */;
		};
		91DB737520A46B1F0072956D /* PBXTargetDependency */ = {
			isa = PBXTargetDependency;
			target = 91DB735320A46B180072956D /* ToDoList */;
			targetProxy = 91DB737420A46B1F0072956D /* PBXContainerItemProxy */;
		};
/* End PBXTargetDependency section */

/* Begin PBXVariantGroup section */
		91DB735B20A46B180072956D /* Main.storyboard */ = {
			isa = PBXVariantGroup;
			children = (
				91DB735C20A46B180072956D /* Base */,
			);
			name = Main.storyboard;
			sourceTree = "<group>";
		};
		91DB736020A46B1F0072956D /* LaunchScreen.storyboard */ = {
			isa = PBXVariantGroup;
			children = (
				91DB736120A46B1F0072956D /* Base */,
			);
			name = LaunchScreen.storyboard;
			sourceTree = "<group>";
		};
/* End PBXVariantGroup section */

/* Begin XCBuildConfiguration section */
		91DB737A20A46B1F0072956D /* Debug */ = {
			isa = XCBuildConfiguration;
			buildSettings = {
				ALWAYS_SEARCH_USER_PATHS = NO;
				CLANG_ANALYZER_NONNULL = YES;
				CLANG_ANALYZER_NUMBER_OBJECT_CONVERSION = YES_AGGRESSIVE;
				CLANG_CXX_LANGUAGE_STANDARD = "gnu++14";
				CLANG_CXX_LIBRARY = "libc++";
				CLANG_ENABLE_MODULES = YES;
				CLANG_ENABLE_OBJC_ARC = YES;
				CLANG_ENABLE_OBJC_WEAK = YES;
				CLANG_WARN_BLOCK_CAPTURE_AUTORELEASING = YES;
				CLANG_WARN_BOOL_CONVERSION = YES;
				CLANG_WARN_COMMA = YES;
				CLANG_WARN_CONSTANT_CONVERSION = YES;
				CLANG_WARN_DEPRECATED_OBJC_IMPLEMENTATIONS = YES;
				CLANG_WARN_DIRECT_OBJC_ISA_USAGE = YES_ERROR;
				CLANG_WARN_DOCUMENTATION_COMMENTS = YES;
				CLANG_WARN_EMPTY_BODY = YES;
				CLANG_WARN_ENUM_CONVERSION = YES;
				CLANG_WARN_INFINITE_RECURSION = YES;
				CLANG_WARN_INT_CONVERSION = YES;
				CLANG_WARN_NON_LITERAL_NULL_CONVERSION = YES;
				CLANG_WARN_OBJC_IMPLICIT_RETAIN_SELF = YES;
				CLANG_WARN_OBJC_LITERAL_CONVERSION = YES;
				CLANG_WARN_OBJC_ROOT_CLASS = YES_ERROR;
				CLANG_WARN_RANGE_LOOP_ANALYSIS = YES;
				CLANG_WARN_STRICT_PROTOTYPES = YES;
				CLANG_WARN_SUSPICIOUS_MOVE = YES;
				CLANG_WARN_UNGUARDED_AVAILABILITY = YES_AGGRESSIVE;
				CLANG_WARN_UNREACHABLE_CODE = YES;
				CLANG_WARN__DUPLICATE_METHOD_MATCH = YES;
				CODE_SIGN_IDENTITY = "iPhone Developer";
				COPY_PHASE_STRIP = NO;
				DEBUG_INFORMATION_FORMAT = dwarf;
				ENABLE_STRICT_OBJC_MSGSEND = YES;
				ENABLE_TESTABILITY = YES;
				GCC_C_LANGUAGE_STANDARD = gnu11;
				GCC_DYNAMIC_NO_PIC = NO;
				GCC_NO_COMMON_BLOCKS = YES;
				GCC_OPTIMIZATION_LEVEL = 0;
				GCC_PREPROCESSOR_DEFINITIONS = (
					"DEBUG=1",
					"$(inherited)",
				);
				GCC_WARN_64_TO_32_BIT_CONVERSION = YES;
				GCC_WARN_ABOUT_RETURN_TYPE = YES_ERROR;
				GCC_WARN_UNDECLARED_SELECTOR = YES;
				GCC_WARN_UNINITIALIZED_AUTOS = YES_AGGRESSIVE;
				GCC_WARN_UNUSED_FUNCTION = YES;
				GCC_WARN_UNUSED_VARIABLE = YES;
				IPHONEOS_DEPLOYMENT_TARGET = 11.3;
				MTL_ENABLE_DEBUG_INFO = YES;
				ONLY_ACTIVE_ARCH = YES;
				SDKROOT = iphoneos;
				SWIFT_ACTIVE_COMPILATION_CONDITIONS = DEBUG;
				SWIFT_OPTIMIZATION_LEVEL = "-Onone";
			};
			name = Debug;
		};
		91DB737B20A46B1F0072956D /* Release */ = {
			isa = XCBuildConfiguration;
			buildSettings = {
				ALWAYS_SEARCH_USER_PATHS = NO;
				CLANG_ANALYZER_NONNULL = YES;
				CLANG_ANALYZER_NUMBER_OBJECT_CONVERSION = YES_AGGRESSIVE;
				CLANG_CXX_LANGUAGE_STANDARD = "gnu++14";
				CLANG_CXX_LIBRARY = "libc++";
				CLANG_ENABLE_MODULES = YES;
				CLANG_ENABLE_OBJC_ARC = YES;
				CLANG_ENABLE_OBJC_WEAK = YES;
				CLANG_WARN_BLOCK_CAPTURE_AUTORELEASING = YES;
				CLANG_WARN_BOOL_CONVERSION = YES;
				CLANG_WARN_COMMA = YES;
				CLANG_WARN_CONSTANT_CONVERSION = YES;
				CLANG_WARN_DEPRECATED_OBJC_IMPLEMENTATIONS = YES;
				CLANG_WARN_DIRECT_OBJC_ISA_USAGE = YES_ERROR;
				CLANG_WARN_DOCUMENTATION_COMMENTS = YES;
				CLANG_WARN_EMPTY_BODY = YES;
				CLANG_WARN_ENUM_CONVERSION = YES;
				CLANG_WARN_INFINITE_RECURSION = YES;
				CLANG_WARN_INT_CONVERSION = YES;
				CLANG_WARN_NON_LITERAL_NULL_CONVERSION = YES;
				CLANG_WARN_OBJC_IMPLICIT_RETAIN_SELF = YES;
				CLANG_WARN_OBJC_LITERAL_CONVERSION = YES;
				CLANG_WARN_OBJC_ROOT_CLASS = YES_ERROR;
				CLANG_WARN_RANGE_LOOP_ANALYSIS = YES;
				CLANG_WARN_STRICT_PROTOTYPES = YES;
				CLANG_WARN_SUSPICIOUS_MOVE = YES;
				CLANG_WARN_UNGUARDED_AVAILABILITY = YES_AGGRESSIVE;
				CLANG_WARN_UNREACHABLE_CODE = YES;
				CLANG_WARN__DUPLICATE_METHOD_MATCH = YES;
				CODE_SIGN_IDENTITY = "iPhone Developer";
				COPY_PHASE_STRIP = NO;
				DEBUG_INFORMATION_FORMAT = "dwarf-with-dsym";
				ENABLE_NS_ASSERTIONS = NO;
				ENABLE_STRICT_OBJC_MSGSEND = YES;
				GCC_C_LANGUAGE_STANDARD = gnu11;
				GCC_NO_COMMON_BLOCKS = YES;
				GCC_WARN_64_TO_32_BIT_CONVERSION = YES;
				GCC_WARN_ABOUT_RETURN_TYPE = YES_ERROR;
				GCC_WARN_UNDECLARED_SELECTOR = YES;
				GCC_WARN_UNINITIALIZED_AUTOS = YES_AGGRESSIVE;
				GCC_WARN_UNUSED_FUNCTION = YES;
				GCC_WARN_UNUSED_VARIABLE = YES;
				IPHONEOS_DEPLOYMENT_TARGET = 11.3;
				MTL_ENABLE_DEBUG_INFO = NO;
				SDKROOT = iphoneos;
				SWIFT_COMPILATION_MODE = wholemodule;
				SWIFT_OPTIMIZATION_LEVEL = "-O";
				VALIDATE_PRODUCT = YES;
			};
			name = Release;
		};
		91DB737D20A46B1F0072956D /* Debug */ = {
			isa = XCBuildConfiguration;
			buildSettings = {
				ASSETCATALOG_COMPILER_APPICON_NAME = AppIcon;
				CODE_SIGN_STYLE = Automatic;
				INFOPLIST_FILE = ToDoList/Info.plist;
				LD_RUNPATH_SEARCH_PATHS = (
					"$(inherited)",
					"@executable_path/Frameworks",
				);
				PRODUCT_BUNDLE_IDENTIFIER = by.intervale.ToDoList;
				PRODUCT_NAME = "$(TARGET_NAME)";
				SWIFT_VERSION = 4.0;
				TARGETED_DEVICE_FAMILY = "1,2";
			};
			name = Debug;
		};
		91DB737E20A46B1F0072956D /* Release */ = {
			isa = XCBuildConfiguration;
			buildSettings = {
				ASSETCATALOG_COMPILER_APPICON_NAME = AppIcon;
				CODE_SIGN_STYLE = Automatic;
				INFOPLIST_FILE = ToDoList/Info.plist;
				LD_RUNPATH_SEARCH_PATHS = (
					"$(inherited)",
					"@executable_path/Frameworks",
				);
				PRODUCT_BUNDLE_IDENTIFIER = by.intervale.ToDoList;
				PRODUCT_NAME = "$(TARGET_NAME)";
				SWIFT_VERSION = 4.0;
				TARGETED_DEVICE_FAMILY = "1,2";
			};
			name = Release;
		};
		91DB738020A46B1F0072956D /* Debug */ = {
			isa = XCBuildConfiguration;
			buildSettings = {
				ALWAYS_EMBED_SWIFT_STANDARD_LIBRARIES = YES;
				BUNDLE_LOADER = "$(TEST_HOST)";
				CODE_SIGN_STYLE = Automatic;
				INFOPLIST_FILE = ToDoListTests/Info.plist;
				LD_RUNPATH_SEARCH_PATHS = (
					"$(inherited)",
					"@executable_path/Frameworks",
					"@loader_path/Frameworks",
				);
				PRODUCT_BUNDLE_IDENTIFIER = by.intervale.ToDoListTests;
				PRODUCT_NAME = "$(TARGET_NAME)";
				SWIFT_VERSION = 4.0;
				TARGETED_DEVICE_FAMILY = "1,2";
				TEST_HOST = "$(BUILT_PRODUCTS_DIR)/ToDoList.app/ToDoList";
			};
			name = Debug;
		};
		91DB738120A46B1F0072956D /* Release */ = {
			isa = XCBuildConfiguration;
			buildSettings = {
				ALWAYS_EMBED_SWIFT_STANDARD_LIBRARIES = YES;
				BUNDLE_LOADER = "$(TEST_HOST)";
				CODE_SIGN_STYLE = Automatic;
				INFOPLIST_FILE = ToDoListTests/Info.plist;
				LD_RUNPATH_SEARCH_PATHS = (
					"$(inherited)",
					"@executable_path/Frameworks",
					"@loader_path/Frameworks",
				);
				PRODUCT_BUNDLE_IDENTIFIER = by.intervale.ToDoListTests;
				PRODUCT_NAME = "$(TARGET_NAME)";
				SWIFT_VERSION = 4.0;
				TARGETED_DEVICE_FAMILY = "1,2";
				TEST_HOST = "$(BUILT_PRODUCTS_DIR)/ToDoList.app/ToDoList";
			};
			name = Release;
		};
		91DB738320A46B1F0072956D /* Debug */ = {
			isa = XCBuildConfiguration;
			buildSettings = {
				ALWAYS_EMBED_SWIFT_STANDARD_LIBRARIES = YES;
				CODE_SIGN_STYLE = Automatic;
				INFOPLIST_FILE = ToDoListUITests/Info.plist;
				LD_RUNPATH_SEARCH_PATHS = (
					"$(inherited)",
					"@executable_path/Frameworks",
					"@loader_path/Frameworks",
				);
				PRODUCT_BUNDLE_IDENTIFIER = by.intervale.ToDoListUITests;
				PRODUCT_NAME = "$(TARGET_NAME)";
				SWIFT_VERSION = 4.0;
				TARGETED_DEVICE_FAMILY = "1,2";
				TEST_TARGET_NAME = ToDoList;
			};
			name = Debug;
		};
		91DB738420A46B1F0072956D /* Release */ = {
			isa = XCBuildConfiguration;
			buildSettings = {
				ALWAYS_EMBED_SWIFT_STANDARD_LIBRARIES = YES;
				CODE_SIGN_STYLE = Automatic;
				INFOPLIST_FILE = ToDoListUITests/Info.plist;
				LD_RUNPATH_SEARCH_PATHS = (
					"$(inherited)",
					"@executable_path/Frameworks",
					"@loader_path/Frameworks",
				);
				PRODUCT_BUNDLE_IDENTIFIER = by.intervale.ToDoListUITests;
				PRODUCT_NAME = "$(TARGET_NAME)";
				SWIFT_VERSION = 4.0;
				TARGETED_DEVICE_FAMILY = "1,2";
				TEST_TARGET_NAME = ToDoList;
			};
			name = Release;
		};
/* End XCBuildConfiguration section */

/* Begin XCConfigurationList section */
		91DB734F20A46B180072956D /* Build configuration list for PBXProject "ToDoList" */ = {
			isa = XCConfigurationList;
			buildConfigurations = (
				91DB737A20A46B1F0072956D /* Debug */,
				91DB737B20A46B1F0072956D /* Release */,
			);
			defaultConfigurationIsVisible = 0;
			defaultConfigurationName = Release;
		};
		91DB737C20A46B1F0072956D /* Build configuration list for PBXNativeTarget "ToDoList" */ = {
			isa = XCConfigurationList;
			buildConfigurations = (
				91DB737D20A46B1F0072956D /* Debug */,
				91DB737E20A46B1F0072956D /* Release */,
			);
			defaultConfigurationIsVisible = 0;
			defaultConfigurationName = Release;
		};
		91DB737F20A46B1F0072956D /* Build configuration list for PBXNativeTarget "ToDoListTests" */ = {
			isa = XCConfigurationList;
			buildConfigurations = (
				91DB738020A46B1F0072956D /* Debug */,
				91DB738120A46B1F0072956D /* Release */,
			);
			defaultConfigurationIsVisible = 0;
			defaultConfigurationName = Release;
		};
		91DB738220A46B1F0072956D /* Build configuration list for PBXNativeTarget "ToDoListUITests" */ = {
			isa = XCConfigurationList;
			buildConfigurations = (
				91DB738320A46B1F0072956D /* Debug */,
				91DB738420A46B1F0072956D /* Release */,
			);
			defaultConfigurationIsVisible = 0;
			defaultConfigurationName = Release;
		};
/* End XCConfigurationList section */
	};
	rootObject = 91DB734C20A46B180072956D /* Project object */;
}
